// !$*UTF8*$!
{
	archiveVersion = 1;
	classes = {
	};
	objectVersion = 50;
	objects = {

/* Begin PBXBuildFile section */
		84074A8F24B84E24006AB4AB /* CustomButton.swift in Sources */ = {isa = PBXBuildFile; fileRef = 84074A8E24B84E24006AB4AB /* CustomButton.swift */; };
		847411BD24B5B81600F7DAA8 /* AppDelegate.swift in Sources */ = {isa = PBXBuildFile; fileRef = 847411BC24B5B81600F7DAA8 /* AppDelegate.swift */; };
		847411BF24B5B81600F7DAA8 /* SceneDelegate.swift in Sources */ = {isa = PBXBuildFile; fileRef = 847411BE24B5B81600F7DAA8 /* SceneDelegate.swift */; };
		847411C124B5B81600F7DAA8 /* ViewController.swift in Sources */ = {isa = PBXBuildFile; fileRef = 847411C024B5B81600F7DAA8 /* ViewController.swift */; };
		847411C424B5B81600F7DAA8 /* Main.storyboard in Resources */ = {isa = PBXBuildFile; fileRef = 847411C224B5B81600F7DAA8 /* Main.storyboard */; };
		847411C624B5B81A00F7DAA8 /* Assets.xcassets in Resources */ = {isa = PBXBuildFile; fileRef = 847411C524B5B81A00F7DAA8 /* Assets.xcassets */; };
		847411C924B5B81A00F7DAA8 /* LaunchScreen.storyboard in Resources */ = {isa = PBXBuildFile; fileRef = 847411C724B5B81A00F7DAA8 /* LaunchScreen.storyboard */; };
		847411D124B5BB6000F7DAA8 /* TitleCell.swift in Sources */ = {isa = PBXBuildFile; fileRef = 847411D024B5BB6000F7DAA8 /* TitleCell.swift */; };
		847411D324B5BD5500F7DAA8 /* AudioControlCell.swift in Sources */ = {isa = PBXBuildFile; fileRef = 847411D224B5BD5500F7DAA8 /* AudioControlCell.swift */; };
		847411DB24B5C32500F7DAA8 /* Surah4.mp3 in Resources */ = {isa = PBXBuildFile; fileRef = 847411D424B5C32400F7DAA8 /* Surah4.mp3 */; };
		847411DC24B5C32500F7DAA8 /* Surah1.mp3 in Resources */ = {isa = PBXBuildFile; fileRef = 847411D524B5C32400F7DAA8 /* Surah1.mp3 */; };
		847411DD24B5C32500F7DAA8 /* Surah3.mp3 in Resources */ = {isa = PBXBuildFile; fileRef = 847411D624B5C32400F7DAA8 /* Surah3.mp3 */; };
		847411DE24B5C32500F7DAA8 /* Surah6.mp3 in Resources */ = {isa = PBXBuildFile; fileRef = 847411D724B5C32400F7DAA8 /* Surah6.mp3 */; };
		847411DF24B5C32500F7DAA8 /* Surah7.mp3 in Resources */ = {isa = PBXBuildFile; fileRef = 847411D824B5C32400F7DAA8 /* Surah7.mp3 */; };
		847411E024B5C32500F7DAA8 /* Surah2.mp3 in Resources */ = {isa = PBXBuildFile; fileRef = 847411D924B5C32500F7DAA8 /* Surah2.mp3 */; };
		847411E124B5C32500F7DAA8 /* Surah5.mp3 in Resources */ = {isa = PBXBuildFile; fileRef = 847411DA24B5C32500F7DAA8 /* Surah5.mp3 */; };
/* End PBXBuildFile section */

/* Begin PBXFileReference section */
		84074A8E24B84E24006AB4AB /* CustomButton.swift */ = {isa = PBXFileReference; lastKnownFileType = sourcecode.swift; path = CustomButton.swift; sourceTree = "<group>"; };
		847411B924B5B81600F7DAA8 /* AudioPlayer.app */ = {isa = PBXFileReference; explicitFileType = wrapper.application; includeInIndex = 0; path = AudioPlayer.app; sourceTree = BUILT_PRODUCTS_DIR; };
		847411BC24B5B81600F7DAA8 /* AppDelegate.swift */ = {isa = PBXFileReference; lastKnownFileType = sourcecode.swift; path = AppDelegate.swift; sourceTree = "<group>"; };
		847411BE24B5B81600F7DAA8 /* SceneDelegate.swift */ = {isa = PBXFileReference; lastKnownFileType = sourcecode.swift; path = SceneDelegate.swift; sourceTree = "<group>"; };
		847411C024B5B81600F7DAA8 /* ViewController.swift */ = {isa = PBXFileReference; lastKnownFileType = sourcecode.swift; path = ViewController.swift; sourceTree = "<group>"; };
		847411C324B5B81600F7DAA8 /* Base */ = {isa = PBXFileReference; lastKnownFileType = file.storyboard; name = Base; path = Base.lproj/Main.storyboard; sourceTree = "<group>"; };
		847411C524B5B81A00F7DAA8 /* Assets.xcassets */ = {isa = PBXFileReference; lastKnownFileType = folder.assetcatalog; path = Assets.xcassets; sourceTree = "<group>"; };
		847411C824B5B81A00F7DAA8 /* Base */ = {isa = PBXFileReference; lastKnownFileType = file.storyboard; name = Base; path = Base.lproj/LaunchScreen.storyboard; sourceTree = "<group>"; };
		847411CA24B5B81A00F7DAA8 /* Info.plist */ = {isa = PBXFileReference; lastKnownFileType = text.plist.xml; path = Info.plist; sourceTree = "<group>"; };
		847411D024B5BB6000F7DAA8 /* TitleCell.swift */ = {isa = PBXFileReference; lastKnownFileType = sourcecode.swift; path = TitleCell.swift; sourceTree = "<group>"; };
		847411D224B5BD5500F7DAA8 /* AudioControlCell.swift */ = {isa = PBXFileReference; lastKnownFileType = sourcecode.swift; path = AudioControlCell.swift; sourceTree = "<group>"; };
		847411D424B5C32400F7DAA8 /* Surah4.mp3 */ = {isa = PBXFileReference; lastKnownFileType = audio.mp3; name = Surah4.mp3; path = "../../../untitled folder/Surah4.mp3"; sourceTree = "<group>"; };
		847411D524B5C32400F7DAA8 /* Surah1.mp3 */ = {isa = PBXFileReference; lastKnownFileType = audio.mp3; name = Surah1.mp3; path = "../../../untitled folder/Surah1.mp3"; sourceTree = "<group>"; };
		847411D624B5C32400F7DAA8 /* Surah3.mp3 */ = {isa = PBXFileReference; lastKnownFileType = audio.mp3; name = Surah3.mp3; path = "../../../untitled folder/Surah3.mp3"; sourceTree = "<group>"; };
		847411D724B5C32400F7DAA8 /* Surah6.mp3 */ = {isa = PBXFileReference; lastKnownFileType = audio.mp3; name = Surah6.mp3; path = "../../../untitled folder/Surah6.mp3"; sourceTree = "<group>"; };
		847411D824B5C32400F7DAA8 /* Surah7.mp3 */ = {isa = PBXFileReference; lastKnownFileType = audio.mp3; name = Surah7.mp3; path = "../../../untitled folder/Surah7.mp3"; sourceTree = "<group>"; };
		847411D924B5C32500F7DAA8 /* Surah2.mp3 */ = {isa = PBXFileReference; lastKnownFileType = audio.mp3; name = Surah2.mp3; path = "../../../untitled folder/Surah2.mp3"; sourceTree = "<group>"; };
		847411DA24B5C32500F7DAA8 /* Surah5.mp3 */ = {isa = PBXFileReference; lastKnownFileType = audio.mp3; name = Surah5.mp3; path = "../../../untitled folder/Surah5.mp3"; sourceTree = "<group>"; };
/* End PBXFileReference section */

/* Begin PBXFrameworksBuildPhase section */
		847411B624B5B81600F7DAA8 /* Frameworks */ = {
			isa = PBXFrameworksBuildPhase;
			buildActionMask = 2147483647;
			files = (
			);
			runOnlyForDeploymentPostprocessing = 0;
		};
/* End PBXFrameworksBuildPhase section */

/* Begin PBXGroup section */
		847411B024B5B81600F7DAA8 = {
			isa = PBXGroup;
			children = (
				847411BB24B5B81600F7DAA8 /* AudioPlayer */,
				847411BA24B5B81600F7DAA8 /* Products */,
			);
			sourceTree = "<group>";
		};
		847411BA24B5B81600F7DAA8 /* Products */ = {
			isa = PBXGroup;
			children = (
				847411B924B5B81600F7DAA8 /* AudioPlayer.app */,
			);
			name = Products;
			sourceTree = "<group>";
		};
		847411BB24B5B81600F7DAA8 /* AudioPlayer */ = {
			isa = PBXGroup;
			children = (
				847411BC24B5B81600F7DAA8 /* AppDelegate.swift */,
				847411BE24B5B81600F7DAA8 /* SceneDelegate.swift */,
				847411C024B5B81600F7DAA8 /* ViewController.swift */,
				847411C224B5B81600F7DAA8 /* Main.storyboard */,
				847411C524B5B81A00F7DAA8 /* Assets.xcassets */,
				847411C724B5B81A00F7DAA8 /* LaunchScreen.storyboard */,
				847411CA24B5B81A00F7DAA8 /* Info.plist */,
				847411D024B5BB6000F7DAA8 /* TitleCell.swift */,
				847411D224B5BD5500F7DAA8 /* AudioControlCell.swift */,
				847411D524B5C32400F7DAA8 /* Surah1.mp3 */,
				847411D924B5C32500F7DAA8 /* Surah2.mp3 */,
				847411D624B5C32400F7DAA8 /* Surah3.mp3 */,
				847411D424B5C32400F7DAA8 /* Surah4.mp3 */,
				847411DA24B5C32500F7DAA8 /* Surah5.mp3 */,
				847411D724B5C32400F7DAA8 /* Surah6.mp3 */,
				847411D824B5C32400F7DAA8 /* Surah7.mp3 */,
				84074A8E24B84E24006AB4AB /* CustomButton.swift */,
			);
			path = AudioPlayer;
			sourceTree = "<group>";
		};
/* End PBXGroup section */

/* Begin PBXNativeTarget section */
		847411B824B5B81600F7DAA8 /* AudioPlayer */ = {
			isa = PBXNativeTarget;
			buildConfigurationList = 847411CD24B5B81A00F7DAA8 /* Build configuration list for PBXNativeTarget "AudioPlayer" */;
			buildPhases = (
				847411B524B5B81600F7DAA8 /* Sources */,
				847411B624B5B81600F7DAA8 /* Frameworks */,
				847411B724B5B81600F7DAA8 /* Resources */,
			);
			buildRules = (
			);
			dependencies = (
			);
			name = AudioPlayer;
			productName = AudioPlayer;
			productReference = 847411B924B5B81600F7DAA8 /* AudioPlayer.app */;
			productType = "com.apple.product-type.application";
		};
/* End PBXNativeTarget section */

/* Begin PBXProject section */
		847411B124B5B81600F7DAA8 /* Project object */ = {
			isa = PBXProject;
			attributes = {
				LastSwiftUpdateCheck = 1150;
				LastUpgradeCheck = 1150;
				ORGANIZATIONNAME = "اسرارالحق ";
				TargetAttributes = {
					847411B824B5B81600F7DAA8 = {
						CreatedOnToolsVersion = 11.5;
					};
				};
			};
			buildConfigurationList = 847411B424B5B81600F7DAA8 /* Build configuration list for PBXProject "AudioPlayer" */;
			compatibilityVersion = "Xcode 9.3";
			developmentRegion = en;
			hasScannedForEncodings = 0;
			knownRegions = (
				en,
				Base,
			);
			mainGroup = 847411B024B5B81600F7DAA8;
			productRefGroup = 847411BA24B5B81600F7DAA8 /* Products */;
			projectDirPath = "";
			projectRoot = "";
			targets = (
				847411B824B5B81600F7DAA8 /* AudioPlayer */,
			);
		};
/* End PBXProject section */

/* Begin PBXResourcesBuildPhase section */
		847411B724B5B81600F7DAA8 /* Resources */ = {
			isa = PBXResourcesBuildPhase;
			buildActionMask = 2147483647;
			files = (
				847411DE24B5C32500F7DAA8 /* Surah6.mp3 in Resources */,
				847411E124B5C32500F7DAA8 /* Surah5.mp3 in Resources */,
				847411C924B5B81A00F7DAA8 /* LaunchScreen.storyboard in Resources */,
				847411DF24B5C32500F7DAA8 /* Surah7.mp3 in Resources */,
				847411C624B5B81A00F7DAA8 /* Assets.xcassets in Resources */,
				847411E024B5C32500F7DAA8 /* Surah2.mp3 in Resources */,
				847411DD24B5C32500F7DAA8 /* Surah3.mp3 in Resources */,
				847411DB24B5C32500F7DAA8 /* Surah4.mp3 in Resources */,
				847411C424B5B81600F7DAA8 /* Main.storyboard in Resources */,
				847411DC24B5C32500F7DAA8 /* Surah1.mp3 in Resources */,
			);
			runOnlyForDeploymentPostprocessing = 0;
		};
/* End PBXResourcesBuildPhase section */

/* Begin PBXSourcesBuildPhase section */
		847411B524B5B81600F7DAA8 /* Sources */ = {
			isa = PBXSourcesBuildPhase;
			buildActionMask = 2147483647;
			files = (
				847411D124B5BB6000F7DAA8 /* TitleCell.swift in Sources */,
				847411D324B5BD5500F7DAA8 /* AudioControlCell.swift in Sources */,
				84074A8F24B84E24006AB4AB /* CustomButton.swift in Sources */,
				847411C124B5B81600F7DAA8 /* ViewController.swift in Sources */,
				847411BD24B5B81600F7DAA8 /* AppDelegate.swift in Sources */,
				847411BF24B5B81600F7DAA8 /* SceneDelegate.swift in Sources */,
			);
			runOnlyForDeploymentPostprocessing = 0;
		};
/* End PBXSourcesBuildPhase section */

/* Begin PBXVariantGroup section */
		847411C224B5B81600F7DAA8 /* Main.storyboard */ = {
			isa = PBXVariantGroup;
			children = (
				847411C324B5B81600F7DAA8 /* Base */,
			);
			name = Main.storyboard;
			sourceTree = "<group>";
		};
		847411C724B5B81A00F7DAA8 /* LaunchScreen.storyboard */ = {
			isa = PBXVariantGroup;
			children = (
				847411C824B5B81A00F7DAA8 /* Base */,
			);
			name = LaunchScreen.storyboard;
			sourceTree = "<group>";
		};
/* End PBXVariantGroup section */

/* Begin XCBuildConfiguration section */
		847411CB24B5B81A00F7DAA8 /* Debug */ = {
			isa = XCBuildConfiguration;
			buildSettings = {
				ALWAYS_SEARCH_USER_PATHS = NO;
				CLANG_ANALYZER_NONNULL = YES;
				CLANG_ANALYZER_NUMBER_OBJECT_CONVERSION = YES_AGGRESSIVE;
				CLANG_CXX_LANGUAGE_STANDARD = "gnu++14";
				CLANG_CXX_LIBRARY = "libc++";
				CLANG_ENABLE_MODULES = YES;
				CLANG_ENABLE_OBJC_ARC = YES;
				CLANG_ENABLE_OBJC_WEAK = YES;
				CLANG_WARN_BLOCK_CAPTURE_AUTORELEASING = YES;
				CLANG_WARN_BOOL_CONVERSION = YES;
				CLANG_WARN_COMMA = YES;
				CLANG_WARN_CONSTANT_CONVERSION = YES;
				CLANG_WARN_DEPRECATED_OBJC_IMPLEMENTATIONS = YES;
				CLANG_WARN_DIRECT_OBJC_ISA_USAGE = YES_ERROR;
				CLANG_WARN_DOCUMENTATION_COMMENTS = YES;
				CLANG_WARN_EMPTY_BODY = YES;
				CLANG_WARN_ENUM_CONVERSION = YES;
				CLANG_WARN_INFINITE_RECURSION = YES;
				CLANG_WARN_INT_CONVERSION = YES;
				CLANG_WARN_NON_LITERAL_NULL_CONVERSION = YES;
				CLANG_WARN_OBJC_IMPLICIT_RETAIN_SELF = YES;
				CLANG_WARN_OBJC_LITERAL_CONVERSION = YES;
				CLANG_WARN_OBJC_ROOT_CLASS = YES_ERROR;
				CLANG_WARN_RANGE_LOOP_ANALYSIS = YES;
				CLANG_WARN_STRICT_PROTOTYPES = YES;
				CLANG_WARN_SUSPICIOUS_MOVE = YES;
				CLANG_WARN_UNGUARDED_AVAILABILITY = YES_AGGRESSIVE;
				CLANG_WARN_UNREACHABLE_CODE = YES;
				CLANG_WARN__DUPLICATE_METHOD_MATCH = YES;
				COPY_PHASE_STRIP = NO;
				DEBUG_INFORMATION_FORMAT = dwarf;
				ENABLE_STRICT_OBJC_MSGSEND = YES;
				ENABLE_TESTABILITY = YES;
				GCC_C_LANGUAGE_STANDARD = gnu11;
				GCC_DYNAMIC_NO_PIC = NO;
				GCC_NO_COMMON_BLOCKS = YES;
				GCC_OPTIMIZATION_LEVEL = 0;
				GCC_PREPROCESSOR_DEFINITIONS = (
					"DEBUG=1",
					"$(inherited)",
				);
				GCC_WARN_64_TO_32_BIT_CONVERSION = YES;
				GCC_WARN_ABOUT_RETURN_TYPE = YES_ERROR;
				GCC_WARN_UNDECLARED_SELECTOR = YES;
				GCC_WARN_UNINITIALIZED_AUTOS = YES_AGGRESSIVE;
				GCC_WARN_UNUSED_FUNCTION = YES;
				GCC_WARN_UNUSED_VARIABLE = YES;
				IPHONEOS_DEPLOYMENT_TARGET = 13.5;
				MTL_ENABLE_DEBUG_INFO = INCLUDE_SOURCE;
				MTL_FAST_MATH = YES;
				ONLY_ACTIVE_ARCH = YES;
				SDKROOT = iphoneos;
				SWIFT_ACTIVE_COMPILATION_CONDITIONS = DEBUG;
				SWIFT_OPTIMIZATION_LEVEL = "-Onone";
			};
			name = Debug;
		};
		847411CC24B5B81A00F7DAA8 /* Release */ = {
			isa = XCBuildConfiguration;
			buildSettings = {
				ALWAYS_SEARCH_USER_PATHS = NO;
				CLANG_ANALYZER_NONNULL = YES;
				CLANG_ANALYZER_NUMBER_OBJECT_CONVERSION = YES_AGGRESSIVE;
				CLANG_CXX_LANGUAGE_STANDARD = "gnu++14";
				CLANG_CXX_LIBRARY = "libc++";
				CLANG_ENABLE_MODULES = YES;
				CLANG_ENABLE_OBJC_ARC = YES;
				CLANG_ENABLE_OBJC_WEAK = YES;
				CLANG_WARN_BLOCK_CAPTURE_AUTORELEASING = YES;
				CLANG_WARN_BOOL_CONVERSION = YES;
				CLANG_WARN_COMMA = YES;
				CLANG_WARN_CONSTANT_CONVERSION = YES;
				CLANG_WARN_DEPRECATED_OBJC_IMPLEMENTATIONS = YES;
				CLANG_WARN_DIRECT_OBJC_ISA_USAGE = YES_ERROR;
				CLANG_WARN_DOCUMENTATION_COMMENTS = YES;
				CLANG_WARN_EMPTY_BODY = YES;
				CLANG_WARN_ENUM_CONVERSION = YES;
				CLANG_WARN_INFINITE_RECURSION = YES;
				CLANG_WARN_INT_CONVERSION = YES;
				CLANG_WARN_NON_LITERAL_NULL_CONVERSION = YES;
				CLANG_WARN_OBJC_IMPLICIT_RETAIN_SELF = YES;
				CLANG_WARN_OBJC_LITERAL_CONVERSION = YES;
				CLANG_WARN_OBJC_ROOT_CLASS = YES_ERROR;
				CLANG_WARN_RANGE_LOOP_ANALYSIS = YES;
				CLANG_WARN_STRICT_PROTOTYPES = YES;
				CLANG_WARN_SUSPICIOUS_MOVE = YES;
				CLANG_WARN_UNGUARDED_AVAILABILITY = YES_AGGRESSIVE;
				CLANG_WARN_UNREACHABLE_CODE = YES;
				CLANG_WARN__DUPLICATE_METHOD_MATCH = YES;
				COPY_PHASE_STRIP = NO;
				DEBUG_INFORMATION_FORMAT = "dwarf-with-dsym";
				ENABLE_NS_ASSERTIONS = NO;
				ENABLE_STRICT_OBJC_MSGSEND = YES;
				GCC_C_LANGUAGE_STANDARD = gnu11;
				GCC_NO_COMMON_BLOCKS = YES;
				GCC_WARN_64_TO_32_BIT_CONVERSION = YES;
				GCC_WARN_ABOUT_RETURN_TYPE = YES_ERROR;
				GCC_WARN_UNDECLARED_SELECTOR = YES;
				GCC_WARN_UNINITIALIZED_AUTOS = YES_AGGRESSIVE;
				GCC_WARN_UNUSED_FUNCTION = YES;
				GCC_WARN_UNUSED_VARIABLE = YES;
				IPHONEOS_DEPLOYMENT_TARGET = 13.5;
				MTL_ENABLE_DEBUG_INFO = NO;
				MTL_FAST_MATH = YES;
				SDKROOT = iphoneos;
				SWIFT_COMPILATION_MODE = wholemodule;
				SWIFT_OPTIMIZATION_LEVEL = "-O";
				VALIDATE_PRODUCT = YES;
			};
			name = Release;
		};
		847411CE24B5B81A00F7DAA8 /* Debug */ = {
			isa = XCBuildConfiguration;
			buildSettings = {
				ASSETCATALOG_COMPILER_APPICON_NAME = AppIcon;
				CODE_SIGN_STYLE = Automatic;
				INFOPLIST_FILE = AudioPlayer/Info.plist;
				LD_RUNPATH_SEARCH_PATHS = (
					"$(inherited)",
					"@executable_path/Frameworks",
				);
				PRODUCT_BUNDLE_IDENTIFIER = ahh.devoders.AudioPlayer;
				PRODUCT_NAME = "$(TARGET_NAME)";
				SWIFT_VERSION = 5.0;
				TARGETED_DEVICE_FAMILY = "1,2";
			};
			name = Debug;
		};
		847411CF24B5B81A00F7DAA8 /* Release */ = {
			isa = XCBuildConfiguration;
			buildSettings = {
				ASSETCATALOG_COMPILER_APPICON_NAME = AppIcon;
				CODE_SIGN_STYLE = Automatic;
				INFOPLIST_FILE = AudioPlayer/Info.plist;
				LD_RUNPATH_SEARCH_PATHS = (
					"$(inherited)",
					"@executable_path/Frameworks",
				);
				PRODUCT_BUNDLE_IDENTIFIER = ahh.devoders.AudioPlayer;
				PRODUCT_NAME = "$(TARGET_NAME)";
				SWIFT_VERSION = 5.0;
				TARGETED_DEVICE_FAMILY = "1,2";
			};
			name = Release;
		};
/* End XCBuildConfiguration section */

/* Begin XCConfigurationList section */
		847411B424B5B81600F7DAA8 /* Build configuration list for PBXProject "AudioPlayer" */ = {
			isa = XCConfigurationList;
			buildConfigurations = (
				847411CB24B5B81A00F7DAA8 /* Debug */,
				847411CC24B5B81A00F7DAA8 /* Release */,
			);
			defaultConfigurationIsVisible = 0;
			defaultConfigurationName = Release;
		};
		847411CD24B5B81A00F7DAA8 /* Build configuration list for PBXNativeTarget "AudioPlayer" */ = {
			isa = XCConfigurationList;
			buildConfigurations = (
				847411CE24B5B81A00F7DAA8 /* Debug */,
				847411CF24B5B81A00F7DAA8 /* Release */,
			);
			defaultConfigurationIsVisible = 0;
			defaultConfigurationName = Release;
		};
/* End XCConfigurationList section */
	};
	rootObject = 847411B124B5B81600F7DAA8 /* Project object */;
}
